
Microsoft Visual Studio Solution File, Format Version 12.00
# Visual Studio 2015
Project("{FAE04EC0-301F-11D3-BF4B-00C04F79EFBC}") = "2.5Platformer.CSharp.Plugins", "2.5Platformer.CSharp.Plugins.csproj", "{4A2C86FB-91DF-9016-B549-F36497A48CAB}"
EndProject
Project("{FAE04EC0-301F-11D3-BF4B-00C04F79EFBC}") = "2.5Platformer.CSharp", "2.5Platformer.CSharp.csproj", "{3286DCA6-1DF5-4E57-5D16-DBBA136D1A47}"
EndProject
Project("{FAE04EC0-301F-11D3-BF4B-00C04F79EFBC}") = "2.5Platformer.CSharp.Editor", "2.5Platformer.CSharp.Editor.csproj", "{361606AF-9C4D-E746-FB0F-477A3DD2B5E0}"
EndProject
Global
	GlobalSection(SolutionConfigurationPlatforms) = preSolution
		Debug|Any CPU = Debug|Any CPU
		Release|Any CPU = Release|Any CPU
	EndGlobalSection
	GlobalSection(ProjectConfigurationPlatforms) = postSolution
		{4A2C86FB-91DF-9016-B549-F36497A48CAB}.Debug|Any CPU.ActiveCfg = Debug|Any CPU
		{4A2C86FB-91DF-9016-B549-F36497A48CAB}.Debug|Any CPU.Build.0 = Debug|Any CPU
		{4A2C86FB-91DF-9016-B549-F36497A48CAB}.Release|Any CPU.ActiveCfg = Release|Any CPU
		{4A2C86FB-91DF-9016-B549-F36497A48CAB}.Release|Any CPU.Build.0 = Release|Any CPU
		{3286DCA6-1DF5-4E57-5D16-DBBA136D1A47}.Debug|Any CPU.ActiveCfg = Debug|Any CPU
		{3286DCA6-1DF5-4E57-5D16-DBBA136D1A47}.Debug|Any CPU.Build.0 = Debug|Any CPU
		{3286DCA6-1DF5-4E57-5D16-DBBA136D1A47}.Release|Any CPU.ActiveCfg = Release|Any CPU
		{3286DCA6-1DF5-4E57-5D16-DBBA136D1A47}.Release|Any CPU.Build.0 = Release|Any CPU
		{361606AF-9C4D-E746-FB0F-477A3DD2B5E0}.Debug|Any CPU.ActiveCfg = Debug|Any CPU
		{361606AF-9C4D-E746-FB0F-477A3DD2B5E0}.Debug|Any CPU.Build.0 = Debug|Any CPU
		{361606AF-9C4D-E746-FB0F-477A3DD2B5E0}.Release|Any CPU.ActiveCfg = Release|Any CPU
		{361606AF-9C4D-E746-FB0F-477A3DD2B5E0}.Release|Any CPU.Build.0 = Release|Any CPU
	EndGlobalSection
	GlobalSection(SolutionProperties) = preSolution
		HideSolutionNode = FALSE
	EndGlobalSection
EndGlobal
